Microsoft Visual Studio Solution File, Format Version 12.00
# Visual Studio Version 17
VisualStudioVersion = 17.5.2.0
MinimumVisualStudioVersion = 10.0.40219.1
Project("{FAE04EC0-301F-11D3-BF4B-00C04F79EFBC}") = "MoviesManager", "MoviesManager.csproj", "{0972B930-EA7B-93A3-736A-EBAA80750200}"
EndProject
Global
	GlobalSection(SolutionConfigurationPlatforms) = preSolution
		Debug|Any CPU = Debug|Any CPU
		Release|Any CPU = Release|Any CPU
	EndGlobalSection
	GlobalSection(ProjectConfigurationPlatforms) = postSolution
		{0972B930-EA7B-93A3-736A-EBAA80750200}.Debug|Any CPU.ActiveCfg = Debug|Any CPU
		{0972B930-EA7B-93A3-736A-EBAA80750200}.Debug|Any CPU.Build.0 = Debug|Any CPU
		{0972B930-EA7B-93A3-736A-EBAA80750200}.Release|Any CPU.ActiveCfg = Release|Any CPU
		{0972B930-EA7B-93A3-736A-EBAA80750200}.Release|Any CPU.Build.0 = Release|Any CPU
	EndGlobalSection
	GlobalSection(SolutionProperties) = preSolution
		HideSolutionNode = FALSE
	EndGlobalSection
	GlobalSection(ExtensibilityGlobals) = postSolution
		SolutionGuid = {DF5D8D32-65DD-4C6E-8D1D-B2B2DF9BF87B}
	EndGlobalSection
EndGlobal
